// !$*UTF8*$!
{
	archiveVersion = 1;
	classes = {
	};
	objectVersion = 50;
	objects = {

/* Begin PBXBuildFile section */
		FC0F4CBD259CF08300AB3B09 /* main.swift in Sources */ = {isa = PBXBuildFile; fileRef = FC0F4CBC259CF08300AB3B09 /* main.swift */; };
		FC0F4CC5259CF10C00AB3B09 /* 9656_StoneGame.swift in Sources */ = {isa = PBXBuildFile; fileRef = FC0F4CC4259CF10C00AB3B09 /* 9656_StoneGame.swift */; };
		FC0F4CC8259CFD7500AB3B09 /* 11722_가장긴감소하는부분수열.swift in Sources */ = {isa = PBXBuildFile; fileRef = FC0F4CC7259CFD7500AB3B09 /* 11722_가장긴감소하는부분수열.swift */; };
		FC0F4CCE259DDFCD00AB3B09 /* 15486_퇴사_2.swift in Sources */ = {isa = PBXBuildFile; fileRef = FC0F4CCD259DDFCD00AB3B09 /* 15486_퇴사_2.swift */; };
		FC0F4CD2259DE44400AB3B09 /* Array+.swift in Sources */ = {isa = PBXBuildFile; fileRef = FC0F4CD1259DE44400AB3B09 /* Array+.swift */; };
		FC0F4CD7259DE54E00AB3B09 /* Resutable.swift in Sources */ = {isa = PBXBuildFile; fileRef = FC0F4CD6259DE54E00AB3B09 /* Resutable.swift */; };
		FC0F4CDC259DEFE300AB3B09 /* FileIO.swift in Sources */ = {isa = PBXBuildFile; fileRef = FC0F4CDB259DEFE300AB3B09 /* FileIO.swift */; };
		FC26878A259F6712000E0945 /* 6986_절사평균.swift in Sources */ = {isa = PBXBuildFile; fileRef = FC268789259F6712000E0945 /* 6986_절사평균.swift */; };

/* End PBXBuildFile section */

/* Begin PBXCopyFilesBuildPhase section */
		FC0F4CB7259CF08300AB3B09 /* CopyFiles */ = {
			isa = PBXCopyFilesBuildPhase;
			buildActionMask = 2147483647;
			dstPath = /usr/share/man/man1/;
			dstSubfolderSpec = 0;
			files = (
			);
			runOnlyForDeploymentPostprocessing = 1;
		};
/* End PBXCopyFilesBuildPhase section */

/* Begin PBXFileReference section */
		FC0F4CB9259CF08300AB3B09 /* CoTe */ = {isa = PBXFileReference; explicitFileType = "compiled.mach-o.executable"; includeInIndex = 0; path = CoTe; sourceTree = BUILT_PRODUCTS_DIR; };
		FC0F4CBC259CF08300AB3B09 /* main.swift */ = {isa = PBXFileReference; lastKnownFileType = sourcecode.swift; path = main.swift; sourceTree = "<group>"; };
		FC0F4CC4259CF10C00AB3B09 /* 9656_StoneGame.swift */ = {isa = PBXFileReference; lastKnownFileType = sourcecode.swift; path = 9656_StoneGame.swift; sourceTree = "<group>"; };
		FC0F4CC7259CFD7500AB3B09 /* 11722_가장긴감소하는부분수열.swift */ = {isa = PBXFileReference; lastKnownFileType = sourcecode.swift; path = "11722_가장긴감소하는부분수열.swift"; sourceTree = "<group>"; };
		FC0F4CCD259DDFCD00AB3B09 /* 15486_퇴사_2.swift */ = {isa = PBXFileReference; lastKnownFileType = sourcecode.swift; path = "15486_퇴사_2.swift"; sourceTree = "<group>"; };
		FC0F4CD1259DE44400AB3B09 /* Array+.swift */ = {isa = PBXFileReference; lastKnownFileType = sourcecode.swift; path = "Array+.swift"; sourceTree = "<group>"; };
		FC0F4CD6259DE54E00AB3B09 /* Resutable.swift */ = {isa = PBXFileReference; lastKnownFileType = sourcecode.swift; path = Resutable.swift; sourceTree = "<group>"; };
		FC0F4CDB259DEFE300AB3B09 /* FileIO.swift */ = {isa = PBXFileReference; lastKnownFileType = sourcecode.swift; path = FileIO.swift; sourceTree = "<group>"; };
		FC268789259F6712000E0945 /* 6986_절사평균.swift */ = {isa = PBXFileReference; lastKnownFileType = sourcecode.swift; path = "6986_절사평균.swift"; sourceTree = "<group>"; };
/* End PBXFileReference section */

/* Begin PBXFrameworksBuildPhase section */
		FC0F4CB6259CF08300AB3B09 /* Frameworks */ = {
			isa = PBXFrameworksBuildPhase;
			buildActionMask = 2147483647;
			files = (
			);
			runOnlyForDeploymentPostprocessing = 0;
		};
/* End PBXFrameworksBuildPhase section */

/* Begin PBXGroup section */
		FC0F4CB0259CF08300AB3B09 = {
			isa = PBXGroup;
			children = (
				FC0F4CBB259CF08300AB3B09 /* CoTe */,
				FC0F4CBA259CF08300AB3B09 /* Products */,
			);
			sourceTree = "<group>";
		};
		FC0F4CBA259CF08300AB3B09 /* Products */ = {
			isa = PBXGroup;
			children = (
				FC0F4CB9259CF08300AB3B09 /* CoTe */,
			);
			name = Products;
			sourceTree = "<group>";
		};
		FC0F4CBB259CF08300AB3B09 /* CoTe */ = {
			isa = PBXGroup;
			children = (
				FC268788259F66F7000E0945 /* Implement */,
				FC0F4CDA259DEFD200AB3B09 /* Util */,
				FC0F4CD5259DE53F00AB3B09 /* Protocol */,
				FC0F4CD0259DE43500AB3B09 /* Extension */,
				FC0F4CCA259CFD7800AB3B09 /* DP */,
				FC0F4CBC259CF08300AB3B09 /* main.swift */,
			);
			path = CoTe;
			sourceTree = "<group>";
		};
		FC0F4CCA259CFD7800AB3B09 /* DP */ = {
			isa = PBXGroup;
			children = (
				FC0F4CC4259CF10C00AB3B09 /* 9656_StoneGame.swift */,
				FC0F4CC7259CFD7500AB3B09 /* 11722_가장긴감소하는부분수열.swift */,
				FC0F4CCD259DDFCD00AB3B09 /* 15486_퇴사_2.swift */,
			);
			path = DP;
			sourceTree = "<group>";
		};
		FC0F4CD0259DE43500AB3B09 /* Extension */ = {
			isa = PBXGroup;
			children = (
				FC0F4CD1259DE44400AB3B09 /* Array+.swift */,
			);
			path = Extension;
			sourceTree = "<group>";
		};
		FC0F4CD5259DE53F00AB3B09 /* Protocol */ = {
			isa = PBXGroup;
			children = (
				FC0F4CD6259DE54E00AB3B09 /* Resutable.swift */,
			);
			path = Protocol;
			sourceTree = "<group>";
		};
		FC0F4CDA259DEFD200AB3B09 /* Util */ = {
			isa = PBXGroup;
			children = (
				FC0F4CDB259DEFE300AB3B09 /* FileIO.swift */,
			);
			path = Util;
			sourceTree = "<group>";
		};
		FC268788259F66F7000E0945 /* Implement */ = {
			isa = PBXGroup;
			children = (
				FC268789259F6712000E0945 /* 6986_절사평균.swift */,
			);
			path = Implement;
			sourceTree = "<group>";
		};
/* End PBXGroup section */

/* Begin PBXNativeTarget section */
		FC0F4CB8259CF08300AB3B09 /* CoTe */ = {
			isa = PBXNativeTarget;
			buildConfigurationList = FC0F4CC0259CF08300AB3B09 /* Build configuration list for PBXNativeTarget "CoTe" */;
			buildPhases = (
				FC0F4CB5259CF08300AB3B09 /* Sources */,
				FC0F4CB6259CF08300AB3B09 /* Frameworks */,
				FC0F4CB7259CF08300AB3B09 /* CopyFiles */,
			);
			buildRules = (
			);
			dependencies = (
			);
			name = CoTe;
			productName = CoTe;
			productReference = FC0F4CB9259CF08300AB3B09 /* CoTe */;
			productType = "com.apple.product-type.tool";
		};
/* End PBXNativeTarget section */

/* Begin PBXProject section */
		FC0F4CB1259CF08300AB3B09 /* Project object */ = {
			isa = PBXProject;
			attributes = {
				LastSwiftUpdateCheck = 1220;
				LastUpgradeCheck = 1220;
				TargetAttributes = {
					FC0F4CB8259CF08300AB3B09 = {
						CreatedOnToolsVersion = 12.2;
					};
				};
			};
			buildConfigurationList = FC0F4CB4259CF08300AB3B09 /* Build configuration list for PBXProject "CoTe" */;
			compatibilityVersion = "Xcode 9.3";
			developmentRegion = en;
			hasScannedForEncodings = 0;
			knownRegions = (
				en,
				Base,
			);
			mainGroup = FC0F4CB0259CF08300AB3B09;
			productRefGroup = FC0F4CBA259CF08300AB3B09 /* Products */;
			projectDirPath = "";
			projectRoot = "";
			targets = (
				FC0F4CB8259CF08300AB3B09 /* CoTe */,
			);
		};
/* End PBXProject section */

/* Begin PBXSourcesBuildPhase section */
		FC0F4CB5259CF08300AB3B09 /* Sources */ = {
			isa = PBXSourcesBuildPhase;
			buildActionMask = 2147483647;
			files = (
				FC26878A259F6712000E0945 /* 6986_절사평균.swift in Sources */,
				FC0F4CBD259CF08300AB3B09 /* main.swift in Sources */,
				FC0F4CC8259CFD7500AB3B09 /* 11722_가장긴감소하는부분수열.swift in Sources */,
				FC0F4CC5259CF10C00AB3B09 /* 9656_StoneGame.swift in Sources */,
				FC0F4CDC259DEFE300AB3B09 /* FileIO.swift in Sources */,
				FC0F4CD7259DE54E00AB3B09 /* Resutable.swift in Sources */,
				FC0F4CCE259DDFCD00AB3B09 /* 15486_퇴사_2.swift in Sources */,
				FC0F4CD2259DE44400AB3B09 /* Array+.swift in Sources */,
			);
			runOnlyForDeploymentPostprocessing = 0;
		};
/* End PBXSourcesBuildPhase section */

/* Begin XCBuildConfiguration section */
		FC0F4CBE259CF08300AB3B09 /* Debug */ = {
			isa = XCBuildConfiguration;
			buildSettings = {
				ALWAYS_SEARCH_USER_PATHS = NO;
				CLANG_ANALYZER_NONNULL = YES;
				CLANG_ANALYZER_NUMBER_OBJECT_CONVERSION = YES_AGGRESSIVE;
				CLANG_CXX_LANGUAGE_STANDARD = "gnu++14";
				CLANG_CXX_LIBRARY = "libc++";
				CLANG_ENABLE_MODULES = YES;
				CLANG_ENABLE_OBJC_ARC = YES;
				CLANG_ENABLE_OBJC_WEAK = YES;
				CLANG_WARN_BLOCK_CAPTURE_AUTORELEASING = YES;
				CLANG_WARN_BOOL_CONVERSION = YES;
				CLANG_WARN_COMMA = YES;
				CLANG_WARN_CONSTANT_CONVERSION = YES;
				CLANG_WARN_DEPRECATED_OBJC_IMPLEMENTATIONS = YES;
				CLANG_WARN_DIRECT_OBJC_ISA_USAGE = YES_ERROR;
				CLANG_WARN_DOCUMENTATION_COMMENTS = YES;
				CLANG_WARN_EMPTY_BODY = YES;
				CLANG_WARN_ENUM_CONVERSION = YES;
				CLANG_WARN_INFINITE_RECURSION = YES;
				CLANG_WARN_INT_CONVERSION = YES;
				CLANG_WARN_NON_LITERAL_NULL_CONVERSION = YES;
				CLANG_WARN_OBJC_IMPLICIT_RETAIN_SELF = YES;
				CLANG_WARN_OBJC_LITERAL_CONVERSION = YES;
				CLANG_WARN_OBJC_ROOT_CLASS = YES_ERROR;
				CLANG_WARN_QUOTED_INCLUDE_IN_FRAMEWORK_HEADER = YES;
				CLANG_WARN_RANGE_LOOP_ANALYSIS = YES;
				CLANG_WARN_STRICT_PROTOTYPES = YES;
				CLANG_WARN_SUSPICIOUS_MOVE = YES;
				CLANG_WARN_UNGUARDED_AVAILABILITY = YES_AGGRESSIVE;
				CLANG_WARN_UNREACHABLE_CODE = YES;
				CLANG_WARN__DUPLICATE_METHOD_MATCH = YES;
				COPY_PHASE_STRIP = NO;
				DEBUG_INFORMATION_FORMAT = dwarf;
				ENABLE_STRICT_OBJC_MSGSEND = YES;
				ENABLE_TESTABILITY = YES;
				GCC_C_LANGUAGE_STANDARD = gnu11;
				GCC_DYNAMIC_NO_PIC = NO;
				GCC_NO_COMMON_BLOCKS = YES;
				GCC_OPTIMIZATION_LEVEL = 0;
				GCC_PREPROCESSOR_DEFINITIONS = (
					"DEBUG=1",
					"$(inherited)",
				);
				GCC_WARN_64_TO_32_BIT_CONVERSION = YES;
				GCC_WARN_ABOUT_RETURN_TYPE = YES_ERROR;
				GCC_WARN_UNDECLARED_SELECTOR = YES;
				GCC_WARN_UNINITIALIZED_AUTOS = YES_AGGRESSIVE;
				GCC_WARN_UNUSED_FUNCTION = YES;
				GCC_WARN_UNUSED_VARIABLE = YES;
				MACOSX_DEPLOYMENT_TARGET = 11.0;
				MTL_ENABLE_DEBUG_INFO = INCLUDE_SOURCE;
				MTL_FAST_MATH = YES;
				ONLY_ACTIVE_ARCH = YES;
				SDKROOT = macosx;
				SWIFT_ACTIVE_COMPILATION_CONDITIONS = DEBUG;
				SWIFT_OPTIMIZATION_LEVEL = "-Onone";
			};
			name = Debug;
		};
		FC0F4CBF259CF08300AB3B09 /* Release */ = {
			isa = XCBuildConfiguration;
			buildSettings = {
				ALWAYS_SEARCH_USER_PATHS = NO;
				CLANG_ANALYZER_NONNULL = YES;
				CLANG_ANALYZER_NUMBER_OBJECT_CONVERSION = YES_AGGRESSIVE;
				CLANG_CXX_LANGUAGE_STANDARD = "gnu++14";
				CLANG_CXX_LIBRARY = "libc++";
				CLANG_ENABLE_MODULES = YES;
				CLANG_ENABLE_OBJC_ARC = YES;
				CLANG_ENABLE_OBJC_WEAK = YES;
				CLANG_WARN_BLOCK_CAPTURE_AUTORELEASING = YES;
				CLANG_WARN_BOOL_CONVERSION = YES;
				CLANG_WARN_COMMA = YES;
				CLANG_WARN_CONSTANT_CONVERSION = YES;
				CLANG_WARN_DEPRECATED_OBJC_IMPLEMENTATIONS = YES;
				CLANG_WARN_DIRECT_OBJC_ISA_USAGE = YES_ERROR;
				CLANG_WARN_DOCUMENTATION_COMMENTS = YES;
				CLANG_WARN_EMPTY_BODY = YES;
				CLANG_WARN_ENUM_CONVERSION = YES;
				CLANG_WARN_INFINITE_RECURSION = YES;
				CLANG_WARN_INT_CONVERSION = YES;
				CLANG_WARN_NON_LITERAL_NULL_CONVERSION = YES;
				CLANG_WARN_OBJC_IMPLICIT_RETAIN_SELF = YES;
				CLANG_WARN_OBJC_LITERAL_CONVERSION = YES;
				CLANG_WARN_OBJC_ROOT_CLASS = YES_ERROR;
				CLANG_WARN_QUOTED_INCLUDE_IN_FRAMEWORK_HEADER = YES;
				CLANG_WARN_RANGE_LOOP_ANALYSIS = YES;
				CLANG_WARN_STRICT_PROTOTYPES = YES;
				CLANG_WARN_SUSPICIOUS_MOVE = YES;
				CLANG_WARN_UNGUARDED_AVAILABILITY = YES_AGGRESSIVE;
				CLANG_WARN_UNREACHABLE_CODE = YES;
				CLANG_WARN__DUPLICATE_METHOD_MATCH = YES;
				COPY_PHASE_STRIP = NO;
				DEBUG_INFORMATION_FORMAT = "dwarf-with-dsym";
				ENABLE_NS_ASSERTIONS = NO;
				ENABLE_STRICT_OBJC_MSGSEND = YES;
				GCC_C_LANGUAGE_STANDARD = gnu11;
				GCC_NO_COMMON_BLOCKS = YES;
				GCC_WARN_64_TO_32_BIT_CONVERSION = YES;
				GCC_WARN_ABOUT_RETURN_TYPE = YES_ERROR;
				GCC_WARN_UNDECLARED_SELECTOR = YES;
				GCC_WARN_UNINITIALIZED_AUTOS = YES_AGGRESSIVE;
				GCC_WARN_UNUSED_FUNCTION = YES;
				GCC_WARN_UNUSED_VARIABLE = YES;
				MACOSX_DEPLOYMENT_TARGET = 11.0;
				MTL_ENABLE_DEBUG_INFO = NO;
				MTL_FAST_MATH = YES;
				SDKROOT = macosx;
				SWIFT_COMPILATION_MODE = wholemodule;
				SWIFT_OPTIMIZATION_LEVEL = "-O";
			};
			name = Release;
		};
		FC0F4CC1259CF08300AB3B09 /* Debug */ = {
			isa = XCBuildConfiguration;
			buildSettings = {
				CODE_SIGN_STYLE = Automatic;
				DEVELOPMENT_TEAM = B3PWYBKFUK;
				ENABLE_HARDENED_RUNTIME = YES;
				PRODUCT_NAME = "$(TARGET_NAME)";
				SWIFT_VERSION = 5.0;
			};
			name = Debug;
		};
		FC0F4CC2259CF08300AB3B09 /* Release */ = {
			isa = XCBuildConfiguration;
			buildSettings = {
				CODE_SIGN_STYLE = Automatic;
				DEVELOPMENT_TEAM = B3PWYBKFUK;
				ENABLE_HARDENED_RUNTIME = YES;
				PRODUCT_NAME = "$(TARGET_NAME)";
				SWIFT_VERSION = 5.0;
			};
			name = Release;
		};
/* End XCBuildConfiguration section */

/* Begin XCConfigurationList section */
		FC0F4CB4259CF08300AB3B09 /* Build configuration list for PBXProject "CoTe" */ = {
			isa = XCConfigurationList;
			buildConfigurations = (
				FC0F4CBE259CF08300AB3B09 /* Debug */,
				FC0F4CBF259CF08300AB3B09 /* Release */,
			);
			defaultConfigurationIsVisible = 0;
			defaultConfigurationName = Release;
		};
		FC0F4CC0259CF08300AB3B09 /* Build configuration list for PBXNativeTarget "CoTe" */ = {
			isa = XCConfigurationList;
			buildConfigurations = (
				FC0F4CC1259CF08300AB3B09 /* Debug */,
				FC0F4CC2259CF08300AB3B09 /* Release */,
			);
			defaultConfigurationIsVisible = 0;
			defaultConfigurationName = Release;
		};
/* End XCConfigurationList section */
	};
	rootObject = FC0F4CB1259CF08300AB3B09 /* Project object */;
}
